{
  "version": 4,
  "terraform_version": "0.12.15",
  "serial": 11,
  "lineage": "7a431081-614d-659e-74df-f8343496aace",
  "outputs": {},
  "resources": [
    {
      "mode": "managed",
      "type": "exoscale_compute",
      "name": "compute-1",
      "provider": "provider.exoscale",
      "instances": [
        {
          "schema_version": 0,
          "attributes": {
            "affinity_group_ids": [],
            "affinity_groups": [],
            "disk_size": 10,
            "display_name": "instance-1",
            "gateway": "194.182.180.1",
            "id": "2ee7b57f-d9f4-4733-9358-237f1a180167",
            "ip4": true,
            "ip6": false,
            "ip6_address": "",
            "ip6_cidr": "",
            "ip_address": "194.182.182.83",
            "key_pair": "",
            "keyboard": null,
            "name": "instance-1",
            "password": "xD2xusgznwaimuh",
            "security_group_ids": [
              "f66ec657-8966-4264-89b8-51bf74c79f46"
            ],
            "security_groups": [
              "philipp"
            ],
            "size": "Micro",
            "state": "Running",
            "tags": {},
            "template": "Linux Ubuntu 18.04 LTS 64-bit",
            "template_id": "45346aba-6027-45bc-ad1e-bd1f563c2d84",
            "timeouts": null,
            "user_data": "#!/bin/bash\napt update\napt install -y nginx\napt install -y s3cmd\necho \"Hello World!\" \u003e/var/www/html/index.html\n",
            "user_data_base64": false,
            "username": "ubuntu",
            "zone": "de-muc-1"
          },
          "private": "eyJlMmJmYjczMC1lY2FhLTExZTYtOGY4OC0zNDM2M2JjN2M0YzAiOnsiY3JlYXRlIjozMDAwMDAwMDAwMDAsImRlbGV0ZSI6MzAwMDAwMDAwMDAwLCJyZWFkIjozMDAwMDAwMDAwMDAsInVwZGF0ZSI6MzAwMDAwMDAwMDAwfX0=",
          "dependencies": [
            "exoscale_security_group.security-group-1"
          ]
        }
      ]
    },
    {
      "mode": "managed",
      "type": "exoscale_security_group",
      "name": "security-group-1",
      "provider": "provider.exoscale",
      "instances": [
        {
          "schema_version": 0,
          "attributes": {
            "description": "",
            "id": "f66ec657-8966-4264-89b8-51bf74c79f46",
            "name": "philipp",
            "tags": null,
            "timeouts": null
          },
          "private": "eyJlMmJmYjczMC1lY2FhLTExZTYtOGY4OC0zNDM2M2JjN2M0YzAiOnsiY3JlYXRlIjozMDAwMDAwMDAwMDAsImRlbGV0ZSI6MzAwMDAwMDAwMDAwLCJyZWFkIjozMDAwMDAwMDAwMDB9fQ=="
        }
      ]
    },
    {
      "mode": "managed",
      "type": "exoscale_security_group_rule",
      "name": "http",
      "provider": "provider.exoscale",
      "instances": [
        {
          "schema_version": 0,
          "attributes": {
            "cidr": "0.0.0.0/0",
            "description": null,
            "end_port": 80,
            "icmp_code": 0,
            "icmp_type": 0,
            "id": "60cada70-1264-41e2-8fd8-6106e0aeff6d",
            "protocol": "TCP",
            "security_group": "philipp",
            "security_group_id": "f66ec657-8966-4264-89b8-51bf74c79f46",
            "start_port": 80,
            "timeouts": null,
            "type": "INGRESS",
            "user_security_group": "",
            "user_security_group_id": null
          },
          "private": "eyJlMmJmYjczMC1lY2FhLTExZTYtOGY4OC0zNDM2M2JjN2M0YzAiOnsiY3JlYXRlIjozMDAwMDAwMDAwMDAsImRlbGV0ZSI6MzAwMDAwMDAwMDAwLCJyZWFkIjozMDAwMDAwMDAwMDB9fQ==",
          "dependencies": [
            "exoscale_security_group.security-group-1"
          ]
        }
      ]
    },
    {
      "mode": "managed",
      "type": "exoscale_security_group_rule",
      "name": "ssh",
      "provider": "provider.exoscale",
      "instances": [
        {
          "schema_version": 0,
          "attributes": {
            "cidr": "1.2.3.4/32",
            "description": null,
            "end_port": 22,
            "icmp_code": 0,
            "icmp_type": 0,
            "id": "951e7ea3-243d-446d-b2aa-6c80cc0b4532",
            "protocol": "TCP",
            "security_group": "philipp",
            "security_group_id": "f66ec657-8966-4264-89b8-51bf74c79f46",
            "start_port": 22,
            "timeouts": null,
            "type": "INGRESS",
            "user_security_group": "",
            "user_security_group_id": null
          },
          "private": "eyJlMmJmYjczMC1lY2FhLTExZTYtOGY4OC0zNDM2M2JjN2M0YzAiOnsiY3JlYXRlIjozMDAwMDAwMDAwMDAsImRlbGV0ZSI6MzAwMDAwMDAwMDAwLCJyZWFkIjozMDAwMDAwMDAwMDB9fQ==",
          "dependencies": [
            "exoscale_security_group.security-group-1"
          ]
        }
      ]
    }
  ]
}
